schema: '2.0'
stages:
  data_ingestion:
    cmd: python src/cnnClassifier/pipeline/stage_01_data_ingestion.py
    deps:
    - path: config/config.yaml
      hash: md5
      md5: d49e44547bee8fc3559b862e688947ea
      size: 590
    - path: src/cnnClassifier/pipeline/stage_01_data_ingestion.py
      hash: md5
      md5: 08bc5f393c98d2df385a591f1caa1dfd
      size: 1076
    outs:
    - path: artifacts/data_ingestion/CT-KIDNEY-DATASET
      hash: md5
      md5: 37515bb11b289cf75a2f07c53c8cceb9.dir
      size: 961115981
      nfiles: 7360
  prepare_base_model:
    cmd: python src/cnnClassifier/pipeline/stage_02_prepare_base_model.py
    deps:
    - path: config/config.yaml
      hash: md5
      md5: d49e44547bee8fc3559b862e688947ea
      size: 590
    - path: src/cnnClassifier/pipeline/stage_02_prepare_base_model.py
      hash: md5
      md5: 0d187e8f01ea0936d5446bc35fe3954f
      size: 1130
    params:
      params.yaml:
        CLASSES: 2
        IMAGE_SIZE:
        - 224
        - 224
        - 3
        INCLUDE_TOP: false
        LEARNING_RATE: 0.01
        WEIGHTS: imagenet
    outs:
    - path: artifacts/prepare_base_model
      hash: md5
      md5: 7995679160b6ae6863ea2c5d50488b30.dir
      size: 118073464
      nfiles: 2
  training:
    cmd: python src/cnnClassifier/pipeline/stage_03_model_training.py
    deps:
    - path: artifacts/data_ingestion/CT-KIDNEY-DATASET
      hash: md5
      md5: 37515bb11b289cf75a2f07c53c8cceb9.dir
      size: 961115981
      nfiles: 7360
    - path: artifacts/prepare_base_model
      hash: md5
      md5: 7995679160b6ae6863ea2c5d50488b30.dir
      size: 118073464
      nfiles: 2
    - path: config/config.yaml
      hash: md5
      md5: d49e44547bee8fc3559b862e688947ea
      size: 590
    - path: src/cnnClassifier/pipeline/stage_03_model_training.py
      hash: md5
      md5: a3b723f0ce2ef0119f5a9a24d266e2bc
      size: 1095
    params:
      params.yaml:
        AUGMENTATION: true
        BATCH_SIZE: 16
        EPOCHS: 2
        IMAGE_SIZE:
        - 224
        - 224
        - 3
    outs:
    - path: artifacts/training/model.h5
      hash: md5
      md5: 09e46a3d431a7b4786e1909454c31f0f
      size: 59551208
  evaluation:
    cmd: python src/cnnClassifier/pipeline/stage_04_model_evaluation.py
    deps:
    - path: artifacts/data_ingestion/CT-KIDNEY-DATASET
      hash: md5
      md5: 37515bb11b289cf75a2f07c53c8cceb9.dir
      size: 961115981
      nfiles: 7360
    - path: artifacts/training/model.h5
      hash: md5
      md5: 09e46a3d431a7b4786e1909454c31f0f
      size: 59551208
    - path: config/config.yaml
      hash: md5
      md5: d49e44547bee8fc3559b862e688947ea
      size: 590
    - path: src/cnnClassifier/pipeline/stage_04_model_evaluation.py
      hash: md5
      md5: 4ef7d1c832f712c17c87c62ef1d7059e
      size: 1069
    params:
      params.yaml:
        BATCH_SIZE: 16
        IMAGE_SIZE:
        - 224
        - 224
        - 3
    outs:
    - path: scores.json
      hash: md5
      md5: 74392feec88a0507a9b338bdefcf04be
      size: 73
